<?xml version="1.0" encoding="utf-8"?>
<Project ToolsVersion="4.0" xmlns="http://schemas.microsoft.com/developer/msbuild/2003">
  <ItemGroup>
    <Filter Include="Source Files">
      <UniqueIdentifier>{4FC737F1-C7A5-4376-A066-2A32D752A2FF}</UniqueIdentifier>
      <Extensions>cpp;c;cc;cxx;c++;cppm;ixx;def;odl;idl;hpj;bat;asm;asmx</Extensions>
    </Filter>
    <Filter Include="Header Files">
      <UniqueIdentifier>{93995380-89BD-4b04-88EB-625FBE52EBFB}</UniqueIdentifier>
      <Extensions>h;hh;hpp;hxx;h++;hm;inl;inc;ipp;xsd</Extensions>
    </Filter>
    <Filter Include="Resource Files">
      <UniqueIdentifier>{67DA6AB6-F800-4c08-8B7A-83BB121AAD01}</UniqueIdentifier>
      <Extensions>rc;ico;cur;bmp;dlg;rc2;rct;bin;rgs;gif;jpg;jpeg;jpe;resx;tiff;tif;png;wav;mfcribbon-ms</Extensions>
    </Filter>
    <Filter Include="Shaders">
      <UniqueIdentifier>{88ce03e8-46d9-4e23-9d6f-65c9c26f4fd5}</UniqueIdentifier>
    </Filter>
    <Filter Include="textures">
      <UniqueIdentifier>{27bfbdfb-c2c1-4d6f-9a3e-fd31df801bcd}</UniqueIdentifier>
    </Filter>
  </ItemGroup>
  <ItemGroup>
    <ClCompile Include="main.cpp">
      <Filter>Source Files</Filter>
    </ClCompile>
    <ClCompile Include="Kleicha.cpp">
      <Filter>Source Files</Filter>
    </ClCompile>
    <ClCompile Include="InstanceBuilder.cpp">
      <Filter>Source Files</Filter>
    </ClCompile>
    <ClCompile Include="DeviceBuilder.cpp">
      <Filter>Source Files</Filter>
    </ClCompile>
    <ClCompile Include="SwapchainBuilder.cpp">
      <Filter>Source Files</Filter>
    </ClCompile>
    <ClCompile Include="PipelineBuilder.cpp">
      <Filter>Source Files</Filter>
    </ClCompile>
    <ClCompile Include="Initializers.cpp">
      <Filter>Source Files</Filter>
    </ClCompile>
    <ClCompile Include="Utils.cpp">
      <Filter>Source Files</Filter>
    </ClCompile>
    <ClCompile Include="Camera.cpp">
      <Filter>Source Files</Filter>
    </ClCompile>
  </ItemGroup>
  <ItemGroup>
    <ClInclude Include="Kleicha.h">
      <Filter>Header Files</Filter>
    </ClInclude>
    <ClInclude Include="InstanceBuilder.h">
      <Filter>Header Files</Filter>
    </ClInclude>
    <ClInclude Include="Utils.h">
      <Filter>Header Files</Filter>
    </ClInclude>
    <ClInclude Include="Initializers.h">
      <Filter>Header Files</Filter>
    </ClInclude>
    <ClInclude Include="Types.h">
      <Filter>Header Files</Filter>
    </ClInclude>
    <ClInclude Include="DeviceBuilder.h">
      <Filter>Header Files</Filter>
    </ClInclude>
    <ClInclude Include="SwapchainBuilder.h">
      <Filter>Header Files</Filter>
    </ClInclude>
    <ClInclude Include="PipelineBuilder.h">
      <Filter>Header Files</Filter>
    </ClInclude>
    <ClInclude Include="Camera.h">
      <Filter>Header Files</Filter>
    </ClInclude>
  </ItemGroup>
  <ItemGroup>
    <None Include="..\shaders\basic.vert">
      <Filter>Shaders</Filter>
    </None>
    <None Include="..\shaders\basic.frag">
      <Filter>Shaders</Filter>
    </None>
    <None Include="..\shaders\cube.frag">
      <Filter>Shaders</Filter>
    </None>
    <None Include="..\shaders\cube.vert">
      <Filter>Shaders</Filter>
    </None>
    <None Include="..\shaders\cubeInstanced.vert">
      <Filter>Shaders</Filter>
    </None>
    <None Include="..\shaders\pyrTextured.frag">
      <Filter>Shaders</Filter>
    </None>
    <None Include="..\shaders\pyrTextured.vert">
      <Filter>Shaders</Filter>
    </None>
  </ItemGroup>
  <ItemGroup>
    <Image Include="..\textures\brick.png">
      <Filter>textures</Filter>
    </Image>
    <Image Include="..\textures\concrete.png">
      <Filter>textures</Filter>
    </Image>
    <Image Include="..\textures\tiled.png">
      <Filter>textures</Filter>
    </Image>
  </ItemGroup>
</Project>